
Microsoft Visual Studio Solution File, Format Version 12.00
# Visual Studio 2013
VisualStudioVersion = 12.0.21005.1
MinimumVisualStudioVersion = 10.0.40219.1
Project("{8BC9CEB8-8B4A-11D0-8D11-00A0C91BC942}") = "zwavecontroller", "zwavecontroller.vcxproj", "{ED0FAD06-00EF-45F2-B67C-3BFA4DDCC123}"
	ProjectSection(ProjectDependencies) = postProject
		{497F9828-DEC2-4C80-B9E0-AD066CCB587C} = {497F9828-DEC2-4C80-B9E0-AD066CCB587C}
		{4308C5EE-45E4-45D8-9D73-6C4E2587AD78} = {4308C5EE-45E4-45D8-9D73-6C4E2587AD78}
		{343BE6EE-C7BE-4D65-BDDB-6455FEADF5A6} = {343BE6EE-C7BE-4D65-BDDB-6455FEADF5A6}
	EndProjectSection
EndProject
Project("{8BC9CEB8-8B4A-11D0-8D11-00A0C91BC942}") = "civetweb", "civetweb\civetweb.vcxproj", "{4308C5EE-45E4-45D8-9D73-6C4E2587AD78}"
EndProject
Project("{8BC9CEB8-8B4A-11D0-8D11-00A0C91BC942}") = "OpenZWave", "OpenZWave\OpenZWave.vcxproj", "{497F9828-DEC2-4C80-B9E0-AD066CCB587C}"
EndProject
Project("{8BC9CEB8-8B4A-11D0-8D11-00A0C91BC942}") = "Boost", "Boost\Boost.vcxproj", "{343BE6EE-C7BE-4D65-BDDB-6455FEADF5A6}"
EndProject
Project("{8BC9CEB8-8B4A-11D0-8D11-00A0C91BC942}") = "json_spirit_lib", "json_spirit\json_spirit.vcxproj", "{BE262A86-CC26-4B25-A877-883ED2688CEC}"
EndProject
Global
	GlobalSection(SolutionConfigurationPlatforms) = preSolution
		Debug|Win32 = Debug|Win32
		Debug|x64 = Debug|x64
		DebugDLL|Win32 = DebugDLL|Win32
		DebugDLL|x64 = DebugDLL|x64
		Release|Win32 = Release|Win32
		Release|x64 = Release|x64
		ReleaseDLL|Win32 = ReleaseDLL|Win32
		ReleaseDLL|x64 = ReleaseDLL|x64
	EndGlobalSection
	GlobalSection(ProjectConfigurationPlatforms) = postSolution
		{ED0FAD06-00EF-45F2-B67C-3BFA4DDCC123}.Debug|Win32.ActiveCfg = Debug|Win32
		{ED0FAD06-00EF-45F2-B67C-3BFA4DDCC123}.Debug|Win32.Build.0 = Debug|Win32
		{ED0FAD06-00EF-45F2-B67C-3BFA4DDCC123}.Debug|x64.ActiveCfg = Debug|Win32
		{ED0FAD06-00EF-45F2-B67C-3BFA4DDCC123}.DebugDLL|Win32.ActiveCfg = Debug|Win32
		{ED0FAD06-00EF-45F2-B67C-3BFA4DDCC123}.DebugDLL|Win32.Build.0 = Debug|Win32
		{ED0FAD06-00EF-45F2-B67C-3BFA4DDCC123}.DebugDLL|x64.ActiveCfg = Debug|Win32
		{ED0FAD06-00EF-45F2-B67C-3BFA4DDCC123}.Release|Win32.ActiveCfg = Release|Win32
		{ED0FAD06-00EF-45F2-B67C-3BFA4DDCC123}.Release|Win32.Build.0 = Release|Win32
		{ED0FAD06-00EF-45F2-B67C-3BFA4DDCC123}.Release|x64.ActiveCfg = Release|Win32
		{ED0FAD06-00EF-45F2-B67C-3BFA4DDCC123}.ReleaseDLL|Win32.ActiveCfg = Release|Win32
		{ED0FAD06-00EF-45F2-B67C-3BFA4DDCC123}.ReleaseDLL|Win32.Build.0 = Release|Win32
		{ED0FAD06-00EF-45F2-B67C-3BFA4DDCC123}.ReleaseDLL|x64.ActiveCfg = Release|Win32
		{4308C5EE-45E4-45D8-9D73-6C4E2587AD78}.Debug|Win32.ActiveCfg = Debug|Win32
		{4308C5EE-45E4-45D8-9D73-6C4E2587AD78}.Debug|Win32.Build.0 = Debug|Win32
		{4308C5EE-45E4-45D8-9D73-6C4E2587AD78}.Debug|x64.ActiveCfg = Debug|x64
		{4308C5EE-45E4-45D8-9D73-6C4E2587AD78}.Debug|x64.Build.0 = Debug|x64
		{4308C5EE-45E4-45D8-9D73-6C4E2587AD78}.DebugDLL|Win32.ActiveCfg = Debug|Win32
		{4308C5EE-45E4-45D8-9D73-6C4E2587AD78}.DebugDLL|Win32.Build.0 = Debug|Win32
		{4308C5EE-45E4-45D8-9D73-6C4E2587AD78}.DebugDLL|x64.ActiveCfg = Debug|x64
		{4308C5EE-45E4-45D8-9D73-6C4E2587AD78}.DebugDLL|x64.Build.0 = Debug|x64
		{4308C5EE-45E4-45D8-9D73-6C4E2587AD78}.Release|Win32.ActiveCfg = Release|Win32
		{4308C5EE-45E4-45D8-9D73-6C4E2587AD78}.Release|Win32.Build.0 = Release|Win32
		{4308C5EE-45E4-45D8-9D73-6C4E2587AD78}.Release|x64.ActiveCfg = Release|x64
		{4308C5EE-45E4-45D8-9D73-6C4E2587AD78}.Release|x64.Build.0 = Release|x64
		{4308C5EE-45E4-45D8-9D73-6C4E2587AD78}.ReleaseDLL|Win32.ActiveCfg = Release|Win32
		{4308C5EE-45E4-45D8-9D73-6C4E2587AD78}.ReleaseDLL|Win32.Build.0 = Release|Win32
		{4308C5EE-45E4-45D8-9D73-6C4E2587AD78}.ReleaseDLL|x64.ActiveCfg = Release|x64
		{4308C5EE-45E4-45D8-9D73-6C4E2587AD78}.ReleaseDLL|x64.Build.0 = Release|x64
		{497F9828-DEC2-4C80-B9E0-AD066CCB587C}.Debug|Win32.ActiveCfg = Debug|Win32
		{497F9828-DEC2-4C80-B9E0-AD066CCB587C}.Debug|Win32.Build.0 = Debug|Win32
		{497F9828-DEC2-4C80-B9E0-AD066CCB587C}.Debug|x64.ActiveCfg = Debug|Win32
		{497F9828-DEC2-4C80-B9E0-AD066CCB587C}.DebugDLL|Win32.ActiveCfg = DebugDLL|Win32
		{497F9828-DEC2-4C80-B9E0-AD066CCB587C}.DebugDLL|Win32.Build.0 = DebugDLL|Win32
		{497F9828-DEC2-4C80-B9E0-AD066CCB587C}.DebugDLL|x64.ActiveCfg = DebugDLL|Win32
		{497F9828-DEC2-4C80-B9E0-AD066CCB587C}.Release|Win32.ActiveCfg = Release|Win32
		{497F9828-DEC2-4C80-B9E0-AD066CCB587C}.Release|Win32.Build.0 = Release|Win32
		{497F9828-DEC2-4C80-B9E0-AD066CCB587C}.Release|x64.ActiveCfg = Release|Win32
		{497F9828-DEC2-4C80-B9E0-AD066CCB587C}.ReleaseDLL|Win32.ActiveCfg = ReleaseDLL|Win32
		{497F9828-DEC2-4C80-B9E0-AD066CCB587C}.ReleaseDLL|Win32.Build.0 = ReleaseDLL|Win32
		{497F9828-DEC2-4C80-B9E0-AD066CCB587C}.ReleaseDLL|x64.ActiveCfg = ReleaseDLL|Win32
		{343BE6EE-C7BE-4D65-BDDB-6455FEADF5A6}.Debug|Win32.ActiveCfg = Debug|Win32
		{343BE6EE-C7BE-4D65-BDDB-6455FEADF5A6}.Debug|Win32.Build.0 = Debug|Win32
		{343BE6EE-C7BE-4D65-BDDB-6455FEADF5A6}.Debug|x64.ActiveCfg = Debug|Win32
		{343BE6EE-C7BE-4D65-BDDB-6455FEADF5A6}.DebugDLL|Win32.ActiveCfg = Debug|Win32
		{343BE6EE-C7BE-4D65-BDDB-6455FEADF5A6}.DebugDLL|Win32.Build.0 = Debug|Win32
		{343BE6EE-C7BE-4D65-BDDB-6455FEADF5A6}.DebugDLL|x64.ActiveCfg = Debug|Win32
		{343BE6EE-C7BE-4D65-BDDB-6455FEADF5A6}.Release|Win32.ActiveCfg = Release|Win32
		{343BE6EE-C7BE-4D65-BDDB-6455FEADF5A6}.Release|Win32.Build.0 = Release|Win32
		{343BE6EE-C7BE-4D65-BDDB-6455FEADF5A6}.Release|x64.ActiveCfg = Release|Win32
		{343BE6EE-C7BE-4D65-BDDB-6455FEADF5A6}.ReleaseDLL|Win32.ActiveCfg = Release|Win32
		{343BE6EE-C7BE-4D65-BDDB-6455FEADF5A6}.ReleaseDLL|Win32.Build.0 = Release|Win32
		{343BE6EE-C7BE-4D65-BDDB-6455FEADF5A6}.ReleaseDLL|x64.ActiveCfg = Release|Win32
		{BE262A86-CC26-4B25-A877-883ED2688CEC}.Debug|Win32.ActiveCfg = Debug|Win32
		{BE262A86-CC26-4B25-A877-883ED2688CEC}.Debug|Win32.Build.0 = Debug|Win32
		{BE262A86-CC26-4B25-A877-883ED2688CEC}.Debug|x64.ActiveCfg = Debug|Win32
		{BE262A86-CC26-4B25-A877-883ED2688CEC}.DebugDLL|Win32.ActiveCfg = Debug|Win32
		{BE262A86-CC26-4B25-A877-883ED2688CEC}.DebugDLL|Win32.Build.0 = Debug|Win32
		{BE262A86-CC26-4B25-A877-883ED2688CEC}.DebugDLL|x64.ActiveCfg = Debug|Win32
		{BE262A86-CC26-4B25-A877-883ED2688CEC}.Release|Win32.ActiveCfg = Release|Win32
		{BE262A86-CC26-4B25-A877-883ED2688CEC}.Release|Win32.Build.0 = Release|Win32
		{BE262A86-CC26-4B25-A877-883ED2688CEC}.Release|x64.ActiveCfg = Release|Win32
		{BE262A86-CC26-4B25-A877-883ED2688CEC}.ReleaseDLL|Win32.ActiveCfg = Release|Win32
		{BE262A86-CC26-4B25-A877-883ED2688CEC}.ReleaseDLL|Win32.Build.0 = Release|Win32
		{BE262A86-CC26-4B25-A877-883ED2688CEC}.ReleaseDLL|x64.ActiveCfg = Release|Win32
	EndGlobalSection
	GlobalSection(SolutionProperties) = preSolution
		HideSolutionNode = FALSE
	EndGlobalSection
EndGlobal
